
Microsoft Visual Studio Solution File, Format Version 12.00
# Visual Studio Version 16
VisualStudioVersion = 16.0.29709.97
MinimumVisualStudioVersion = 10.0.40219.1
Project("{FAE04EC0-301F-11D3-BF4B-00C04F79EFBC}") = "Minesweeper", "Minesweeper\Minesweeper.csproj", "{6B20CADC-EC06-442C-9C97-64497B6DC22F}"
EndProject
Project("{FAE04EC0-301F-11D3-BF4B-00C04F79EFBC}") = "MinesweeperTests", "MinesweeperTests\MinesweeperTests.csproj", "{8E11DD85-39E2-48FE-B0BB-3D2149B1383A}"
EndProject
Global
	GlobalSection(SolutionConfigurationPlatforms) = preSolution
		Debug|Any CPU = Debug|Any CPU
		Release|Any CPU = Release|Any CPU
	EndGlobalSection
	GlobalSection(ProjectConfigurationPlatforms) = postSolution
		{6B20CADC-EC06-442C-9C97-64497B6DC22F}.Debug|Any CPU.ActiveCfg = Debug|Any CPU
		{6B20CADC-EC06-442C-9C97-64497B6DC22F}.Debug|Any CPU.Build.0 = Debug|Any CPU
		{6B20CADC-EC06-442C-9C97-64497B6DC22F}.Release|Any CPU.ActiveCfg = Release|Any CPU
		{6B20CADC-EC06-442C-9C97-64497B6DC22F}.Release|Any CPU.Build.0 = Release|Any CPU
		{8E11DD85-39E2-48FE-B0BB-3D2149B1383A}.Debug|Any CPU.ActiveCfg = Debug|Any CPU
		{8E11DD85-39E2-48FE-B0BB-3D2149B1383A}.Debug|Any CPU.Build.0 = Debug|Any CPU
		{8E11DD85-39E2-48FE-B0BB-3D2149B1383A}.Release|Any CPU.ActiveCfg = Release|Any CPU
		{8E11DD85-39E2-48FE-B0BB-3D2149B1383A}.Release|Any CPU.Build.0 = Release|Any CPU
	EndGlobalSection
	GlobalSection(SolutionProperties) = preSolution
		HideSolutionNode = FALSE
	EndGlobalSection
	GlobalSection(ExtensibilityGlobals) = postSolution
		SolutionGuid = {FB9572ED-44EC-4DBC-8872-DE2E4A59175A}
	EndGlobalSection
EndGlobal
